
Microsoft Visual Studio Solution File, Format Version 12.00
Project("{FAE04EC0-301F-11D3-BF4B-00C04F79EFBC}") = "AdhdTimeOrganizer", "AdhdTimeOrganizer\AdhdTimeOrganizer.csproj", "{427285EE-0B51-4ABD-8D9B-46BF9E654A94}"
EndProject
Project("{FAE04EC0-301F-11D3-BF4B-00C04F79EFBC}") = "AdhdTimeOrganizer.IntegrationTests", "AdhdTimeOrganizer.IntegrationTests\AdhdTimeOrganizer.IntegrationTests.csproj", "{B1C2D3E4-F5A6-7890-ABCD-EF1234567890}"
EndProject
Project("{FAE04EC0-301F-11D3-BF4B-00C04F79EFBC}") = "Sydowwe.Framework", "framework\Sydowwe.Framework\Sydowwe.Framework.csproj", "{12D71E51-0E71-40C0-AAC5-A7578E7F2C78}"
EndProject
Project("{FAE04EC0-301F-11D3-BF4B-00C04F79EFBC}") = "Sydowwe.Framework.Testing", "framework\Sydowwe.Framework.Testing\Sydowwe.Framework.Testing.csproj", "{8B295DA7-E1AE-4694-A774-D493937CA7C5}"
EndProject
Project("{FAE04EC0-301F-11D3-BF4B-00C04F79EFBC}") = "Sydowwe.Notifications", "framework\Sydowwe.Notifications\Sydowwe.Notifications.csproj", "{8BBA7A35-FF8F-474F-A076-AB3D9787DF9F}"
EndProject
Project("{FAE04EC0-301F-11D3-BF4B-00C04F79EFBC}") = "Sydowwe.Reminders", "framework\Sydowwe.Reminders\Sydowwe.Reminders.csproj", "{C813B300-DC97-4011-BF69-AE933DD233C5}"
EndProject
Project("{FAE04EC0-301F-11D3-BF4B-00C04F79EFBC}") = "Sydowwe.Scheduler", "framework\Sydowwe.Scheduler\Sydowwe.Scheduler.csproj", "{95759481-5A5D-442B-B0E3-591CCB1B1128}"
EndProject
Project("{FAE04EC0-301F-11D3-BF4B-00C04F79EFBC}") = "Sydowwe.Framework.Contracts", "framework\Sydowwe.Framework.Contracts\Sydowwe.Framework.Contracts.csproj", "{85619205-F7AA-44B5-9512-8EB6F7F64FB3}"
EndProject
Project("{FAE04EC0-301F-11D3-BF4B-00C04F79EFBC}") = "Sydowwe.Scheduler.Xlsx", "framework\Sydowwe.Scheduler.Xlsx\Sydowwe.Scheduler.Xlsx.csproj", "{3F1A9C64-2D8B-4E57-9A03-7C6E5B41D2A8}"
EndProject
Project("{FAE04EC0-301F-11D3-BF4B-00C04F79EFBC}") = "AdhdTimeOrganizer.Core", "AdhdTimeOrganizer.Core\AdhdTimeOrganizer.Core.csproj", "{744FCD90-CC6D-495E-B1CB-22FBF80D93C5}"
EndProject
Project("{2150E333-8FDC-42A3-9474-1A3956D46DE8}") = "framework", "framework", "{9A0CCAB9-4303-13B4-2371-F1B97FF5B728}"
EndProject
Global
	GlobalSection(SolutionConfigurationPlatforms) = preSolution
		Debug|Any CPU = Debug|Any CPU
		Debug|x64 = Debug|x64
		Debug|x86 = Debug|x86
		Release|Any CPU = Release|Any CPU
		Release|x64 = Release|x64
		Release|x86 = Release|x86
	EndGlobalSection
	GlobalSection(ProjectConfigurationPlatforms) = postSolution
		{427285EE-0B51-4ABD-8D9B-46BF9E654A94}.Debug|Any CPU.ActiveCfg = Debug|Any CPU
		{427285EE-0B51-4ABD-8D9B-46BF9E654A94}.Debug|Any CPU.Build.0 = Debug|Any CPU
		{427285EE-0B51-4ABD-8D9B-46BF9E654A94}.Debug|x64.ActiveCfg = Debug|Any CPU
		{427285EE-0B51-4ABD-8D9B-46BF9E654A94}.Debug|x64.Build.0 = Debug|Any CPU
		{427285EE-0B51-4ABD-8D9B-46BF9E654A94}.Debug|x86.ActiveCfg = Debug|Any CPU
		{427285EE-0B51-4ABD-8D9B-46BF9E654A94}.Debug|x86.Build.0 = Debug|Any CPU
		{427285EE-0B51-4ABD-8D9B-46BF9E654A94}.Release|Any CPU.ActiveCfg = Release|Any CPU
		{427285EE-0B51-4ABD-8D9B-46BF9E654A94}.Release|Any CPU.Build.0 = Release|Any CPU
		{427285EE-0B51-4ABD-8D9B-46BF9E654A94}.Release|x64.ActiveCfg = Release|Any CPU
		{427285EE-0B51-4ABD-8D9B-46BF9E654A94}.Release|x64.Build.0 = Release|Any CPU
		{427285EE-0B51-4ABD-8D9B-46BF9E654A94}.Release|x86.ActiveCfg = Release|Any CPU
		{427285EE-0B51-4ABD-8D9B-46BF9E654A94}.Release|x86.Build.0 = Release|Any CPU
		{B1C2D3E4-F5A6-7890-ABCD-EF1234567890}.Debug|Any CPU.ActiveCfg = Debug|Any CPU
		{B1C2D3E4-F5A6-7890-ABCD-EF1234567890}.Debug|Any CPU.Build.0 = Debug|Any CPU
		{B1C2D3E4-F5A6-7890-ABCD-EF1234567890}.Debug|x64.ActiveCfg = Debug|Any CPU
		{B1C2D3E4-F5A6-7890-ABCD-EF1234567890}.Debug|x64.Build.0 = Debug|Any CPU
		{B1C2D3E4-F5A6-7890-ABCD-EF1234567890}.Debug|x86.ActiveCfg = Debug|Any CPU
		{B1C2D3E4-F5A6-7890-ABCD-EF1234567890}.Debug|x86.Build.0 = Debug|Any CPU
		{B1C2D3E4-F5A6-7890-ABCD-EF1234567890}.Release|Any CPU.ActiveCfg = Release|Any CPU
		{B1C2D3E4-F5A6-7890-ABCD-EF1234567890}.Release|Any CPU.Build.0 = Release|Any CPU
		{B1C2D3E4-F5A6-7890-ABCD-EF1234567890}.Release|x64.ActiveCfg = Release|Any CPU
		{B1C2D3E4-F5A6-7890-ABCD-EF1234567890}.Release|x64.Build.0 = Release|Any CPU
		{B1C2D3E4-F5A6-7890-ABCD-EF1234567890}.Release|x86.ActiveCfg = Release|Any CPU
		{B1C2D3E4-F5A6-7890-ABCD-EF1234567890}.Release|x86.Build.0 = Release|Any CPU
		{12D71E51-0E71-40C0-AAC5-A7578E7F2C78}.Debug|Any CPU.ActiveCfg = Debug|Any CPU
		{12D71E51-0E71-40C0-AAC5-A7578E7F2C78}.Debug|Any CPU.Build.0 = Debug|Any CPU
		{12D71E51-0E71-40C0-AAC5-A7578E7F2C78}.Debug|x64.ActiveCfg = Debug|Any CPU
		{12D71E51-0E71-40C0-AAC5-A7578E7F2C78}.Debug|x64.Build.0 = Debug|Any CPU
		{12D71E51-0E71-40C0-AAC5-A7578E7F2C78}.Debug|x86.ActiveCfg = Debug|Any CPU
		{12D71E51-0E71-40C0-AAC5-A7578E7F2C78}.Debug|x86.Build.0 = Debug|Any CPU
		{12D71E51-0E71-40C0-AAC5-A7578E7F2C78}.Release|Any CPU.ActiveCfg = Release|Any CPU
		{12D71E51-0E71-40C0-AAC5-A7578E7F2C78}.Release|Any CPU.Build.0 = Release|Any CPU
		{12D71E51-0E71-40C0-AAC5-A7578E7F2C78}.Release|x64.ActiveCfg = Release|Any CPU
		{12D71E51-0E71-40C0-AAC5-A7578E7F2C78}.Release|x64.Build.0 = Release|Any CPU
		{12D71E51-0E71-40C0-AAC5-A7578E7F2C78}.Release|x86.ActiveCfg = Release|Any CPU
		{12D71E51-0E71-40C0-AAC5-A7578E7F2C78}.Release|x86.Build.0 = Release|Any CPU
		{8B295DA7-E1AE-4694-A774-D493937CA7C5}.Debug|Any CPU.ActiveCfg = Debug|Any CPU
		{8B295DA7-E1AE-4694-A774-D493937CA7C5}.Debug|Any CPU.Build.0 = Debug|Any CPU
		{8B295DA7-E1AE-4694-A774-D493937CA7C5}.Debug|x64.ActiveCfg = Debug|Any CPU
		{8B295DA7-E1AE-4694-A774-D493937CA7C5}.Debug|x64.Build.0 = Debug|Any CPU
		{8B295DA7-E1AE-4694-A774-D493937CA7C5}.Debug|x86.ActiveCfg = Debug|Any CPU
		{8B295DA7-E1AE-4694-A774-D493937CA7C5}.Debug|x86.Build.0 = Debug|Any CPU
		{8B295DA7-E1AE-4694-A774-D493937CA7C5}.Release|Any CPU.ActiveCfg = Release|Any CPU
		{8B295DA7-E1AE-4694-A774-D493937CA7C5}.Release|Any CPU.Build.0 = Release|Any CPU
		{8B295DA7-E1AE-4694-A774-D493937CA7C5}.Release|x64.ActiveCfg = Release|Any CPU
		{8B295DA7-E1AE-4694-A774-D493937CA7C5}.Release|x64.Build.0 = Release|Any CPU
		{8B295DA7-E1AE-4694-A774-D493937CA7C5}.Release|x86.ActiveCfg = Release|Any CPU
		{8B295DA7-E1AE-4694-A774-D493937CA7C5}.Release|x86.Build.0 = Release|Any CPU
		{8BBA7A35-FF8F-474F-A076-AB3D9787DF9F}.Debug|Any CPU.ActiveCfg = Debug|Any CPU
		{8BBA7A35-FF8F-474F-A076-AB3D9787DF9F}.Debug|Any CPU.Build.0 = Debug|Any CPU
		{8BBA7A35-FF8F-474F-A076-AB3D9787DF9F}.Debug|x64.ActiveCfg = Debug|Any CPU
		{8BBA7A35-FF8F-474F-A076-AB3D9787DF9F}.Debug|x64.Build.0 = Debug|Any CPU
		{8BBA7A35-FF8F-474F-A076-AB3D9787DF9F}.Debug|x86.ActiveCfg = Debug|Any CPU
		{8BBA7A35-FF8F-474F-A076-AB3D9787DF9F}.Debug|x86.Build.0 = Debug|Any CPU
		{8BBA7A35-FF8F-474F-A076-AB3D9787DF9F}.Release|Any CPU.ActiveCfg = Release|Any CPU
		{8BBA7A35-FF8F-474F-A076-AB3D9787DF9F}.Release|Any CPU.Build.0 = Release|Any CPU
		{8BBA7A35-FF8F-474F-A076-AB3D9787DF9F}.Release|x64.ActiveCfg = Release|Any CPU
		{8BBA7A35-FF8F-474F-A076-AB3D9787DF9F}.Release|x64.Build.0 = Release|Any CPU
		{8BBA7A35-FF8F-474F-A076-AB3D9787DF9F}.Release|x86.ActiveCfg = Release|Any CPU
		{8BBA7A35-FF8F-474F-A076-AB3D9787DF9F}.Release|x86.Build.0 = Release|Any CPU
		{C813B300-DC97-4011-BF69-AE933DD233C5}.Debug|Any CPU.ActiveCfg = Debug|Any CPU
		{C813B300-DC97-4011-BF69-AE933DD233C5}.Debug|Any CPU.Build.0 = Debug|Any CPU
		{C813B300-DC97-4011-BF69-AE933DD233C5}.Debug|x64.ActiveCfg = Debug|Any CPU
		{C813B300-DC97-4011-BF69-AE933DD233C5}.Debug|x64.Build.0 = Debug|Any CPU
		{C813B300-DC97-4011-BF69-AE933DD233C5}.Debug|x86.ActiveCfg = Debug|Any CPU
		{C813B300-DC97-4011-BF69-AE933DD233C5}.Debug|x86.Build.0 = Debug|Any CPU
		{C813B300-DC97-4011-BF69-AE933DD233C5}.Release|Any CPU.ActiveCfg = Release|Any CPU
		{C813B300-DC97-4011-BF69-AE933DD233C5}.Release|Any CPU.Build.0 = Release|Any CPU
		{C813B300-DC97-4011-BF69-AE933DD233C5}.Release|x64.ActiveCfg = Release|Any CPU
		{C813B300-DC97-4011-BF69-AE933DD233C5}.Release|x64.Build.0 = Release|Any CPU
		{C813B300-DC97-4011-BF69-AE933DD233C5}.Release|x86.ActiveCfg = Release|Any CPU
		{C813B300-DC97-4011-BF69-AE933DD233C5}.Release|x86.Build.0 = Release|Any CPU
		{95759481-5A5D-442B-B0E3-591CCB1B1128}.Debug|Any CPU.ActiveCfg = Debug|Any CPU
		{95759481-5A5D-442B-B0E3-591CCB1B1128}.Debug|Any CPU.Build.0 = Debug|Any CPU
		{95759481-5A5D-442B-B0E3-591CCB1B1128}.Debug|x64.ActiveCfg = Debug|Any CPU
		{95759481-5A5D-442B-B0E3-591CCB1B1128}.Debug|x64.Build.0 = Debug|Any CPU
		{95759481-5A5D-442B-B0E3-591CCB1B1128}.Debug|x86.ActiveCfg = Debug|Any CPU
		{95759481-5A5D-442B-B0E3-591CCB1B1128}.Debug|x86.Build.0 = Debug|Any CPU
		{95759481-5A5D-442B-B0E3-591CCB1B1128}.Release|Any CPU.ActiveCfg = Release|Any CPU
		{95759481-5A5D-442B-B0E3-591CCB1B1128}.Release|Any CPU.Build.0 = Release|Any CPU
		{95759481-5A5D-442B-B0E3-591CCB1B1128}.Release|x64.ActiveCfg = Release|Any CPU
		{95759481-5A5D-442B-B0E3-591CCB1B1128}.Release|x64.Build.0 = Release|Any CPU
		{95759481-5A5D-442B-B0E3-591CCB1B1128}.Release|x86.ActiveCfg = Release|Any CPU
		{95759481-5A5D-442B-B0E3-591CCB1B1128}.Release|x86.Build.0 = Release|Any CPU
		{85619205-F7AA-44B5-9512-8EB6F7F64FB3}.Debug|Any CPU.ActiveCfg = Debug|Any CPU
		{85619205-F7AA-44B5-9512-8EB6F7F64FB3}.Debug|Any CPU.Build.0 = Debug|Any CPU
		{85619205-F7AA-44B5-9512-8EB6F7F64FB3}.Debug|x64.ActiveCfg = Debug|Any CPU
		{85619205-F7AA-44B5-9512-8EB6F7F64FB3}.Debug|x64.Build.0 = Debug|Any CPU
		{85619205-F7AA-44B5-9512-8EB6F7F64FB3}.Debug|x86.ActiveCfg = Debug|Any CPU
		{85619205-F7AA-44B5-9512-8EB6F7F64FB3}.Debug|x86.Build.0 = Debug|Any CPU
		{85619205-F7AA-44B5-9512-8EB6F7F64FB3}.Release|Any CPU.ActiveCfg = Release|Any CPU
		{85619205-F7AA-44B5-9512-8EB6F7F64FB3}.Release|Any CPU.Build.0 = Release|Any CPU
		{85619205-F7AA-44B5-9512-8EB6F7F64FB3}.Release|x64.ActiveCfg = Release|Any CPU
		{85619205-F7AA-44B5-9512-8EB6F7F64FB3}.Release|x64.Build.0 = Release|Any CPU
		{85619205-F7AA-44B5-9512-8EB6F7F64FB3}.Release|x86.ActiveCfg = Release|Any CPU
		{85619205-F7AA-44B5-9512-8EB6F7F64FB3}.Release|x86.Build.0 = Release|Any CPU
		{3F1A9C64-2D8B-4E57-9A03-7C6E5B41D2A8}.Debug|Any CPU.ActiveCfg = Debug|Any CPU
		{3F1A9C64-2D8B-4E57-9A03-7C6E5B41D2A8}.Debug|Any CPU.Build.0 = Debug|Any CPU
		{3F1A9C64-2D8B-4E57-9A03-7C6E5B41D2A8}.Debug|x64.ActiveCfg = Debug|Any CPU
		{3F1A9C64-2D8B-4E57-9A03-7C6E5B41D2A8}.Debug|x64.Build.0 = Debug|Any CPU
		{3F1A9C64-2D8B-4E57-9A03-7C6E5B41D2A8}.Debug|x86.ActiveCfg = Debug|Any CPU
		{3F1A9C64-2D8B-4E57-9A03-7C6E5B41D2A8}.Debug|x86.Build.0 = Debug|Any CPU
		{3F1A9C64-2D8B-4E57-9A03-7C6E5B41D2A8}.Release|Any CPU.ActiveCfg = Release|Any CPU
		{3F1A9C64-2D8B-4E57-9A03-7C6E5B41D2A8}.Release|Any CPU.Build.0 = Release|Any CPU
		{3F1A9C64-2D8B-4E57-9A03-7C6E5B41D2A8}.Release|x64.ActiveCfg = Release|Any CPU
		{3F1A9C64-2D8B-4E57-9A03-7C6E5B41D2A8}.Release|x64.Build.0 = Release|Any CPU
		{3F1A9C64-2D8B-4E57-9A03-7C6E5B41D2A8}.Release|x86.ActiveCfg = Release|Any CPU
		{3F1A9C64-2D8B-4E57-9A03-7C6E5B41D2A8}.Release|x86.Build.0 = Release|Any CPU
		{744FCD90-CC6D-495E-B1CB-22FBF80D93C5}.Debug|Any CPU.ActiveCfg = Debug|Any CPU
		{744FCD90-CC6D-495E-B1CB-22FBF80D93C5}.Debug|Any CPU.Build.0 = Debug|Any CPU
		{744FCD90-CC6D-495E-B1CB-22FBF80D93C5}.Debug|x64.ActiveCfg = Debug|Any CPU
		{744FCD90-CC6D-495E-B1CB-22FBF80D93C5}.Debug|x64.Build.0 = Debug|Any CPU
		{744FCD90-CC6D-495E-B1CB-22FBF80D93C5}.Debug|x86.ActiveCfg = Debug|Any CPU
		{744FCD90-CC6D-495E-B1CB-22FBF80D93C5}.Debug|x86.Build.0 = Debug|Any CPU
		{744FCD90-CC6D-495E-B1CB-22FBF80D93C5}.Release|Any CPU.ActiveCfg = Release|Any CPU
		{744FCD90-CC6D-495E-B1CB-22FBF80D93C5}.Release|Any CPU.Build.0 = Release|Any CPU
		{744FCD90-CC6D-495E-B1CB-22FBF80D93C5}.Release|x64.ActiveCfg = Release|Any CPU
		{744FCD90-CC6D-495E-B1CB-22FBF80D93C5}.Release|x64.Build.0 = Release|Any CPU
		{744FCD90-CC6D-495E-B1CB-22FBF80D93C5}.Release|x86.ActiveCfg = Release|Any CPU
		{744FCD90-CC6D-495E-B1CB-22FBF80D93C5}.Release|x86.Build.0 = Release|Any CPU
	EndGlobalSection
	GlobalSection(SolutionProperties) = preSolution
		HideSolutionNode = FALSE
	EndGlobalSection
EndGlobal
